
Microsoft Visual Studio Solution File, Format Version 12.00
# Visual Studio Version 16
VisualStudioVersion = 16.0.31229.75
MinimumVisualStudioVersion = 10.0.40219.1
Project("{FAE04EC0-301F-11D3-BF4B-00C04F79EFBC}") = "StudentServices", "StudentServices\StudentServices.csproj", "{ED02ACC4-E972-49B0-965F-B97A7EB021B5}"
EndProject
Project("{FAE04EC0-301F-11D3-BF4B-00C04F79EFBC}") = "StudentDataAccess", "StudentDataAccess\StudentDataAccess.csproj", "{001AC0A9-4E32-4660-BC57-3E69611ED9A1}"
EndProject
Global
	GlobalSection(SolutionConfigurationPlatforms) = preSolution
		Debug|Any CPU = Debug|Any CPU
		Release|Any CPU = Release|Any CPU
	EndGlobalSection
	GlobalSection(ProjectConfigurationPlatforms) = postSolution
		{ED02ACC4-E972-49B0-965F-B97A7EB021B5}.Debug|Any CPU.ActiveCfg = Debug|Any CPU
		{ED02ACC4-E972-49B0-965F-B97A7EB021B5}.Debug|Any CPU.Build.0 = Debug|Any CPU
		{ED02ACC4-E972-49B0-965F-B97A7EB021B5}.Release|Any CPU.ActiveCfg = Release|Any CPU
		{ED02ACC4-E972-49B0-965F-B97A7EB021B5}.Release|Any CPU.Build.0 = Release|Any CPU
		{001AC0A9-4E32-4660-BC57-3E69611ED9A1}.Debug|Any CPU.ActiveCfg = Debug|Any CPU
		{001AC0A9-4E32-4660-BC57-3E69611ED9A1}.Debug|Any CPU.Build.0 = Debug|Any CPU
		{001AC0A9-4E32-4660-BC57-3E69611ED9A1}.Release|Any CPU.ActiveCfg = Release|Any CPU
		{001AC0A9-4E32-4660-BC57-3E69611ED9A1}.Release|Any CPU.Build.0 = Release|Any CPU
	EndGlobalSection
	GlobalSection(SolutionProperties) = preSolution
		HideSolutionNode = FALSE
	EndGlobalSection
	GlobalSection(ExtensibilityGlobals) = postSolution
		SolutionGuid = {79C8341E-B8AE-4363-B133-E490122E77C9}
	EndGlobalSection
EndGlobal
